
Microsoft Visual Studio Solution File, Format Version 12.00
# Visual Studio Version 17
VisualStudioVersion = 17.9.34714.143
MinimumVisualStudioVersion = 10.0.40219.1
Project("{FAE04EC0-301F-11D3-BF4B-00C04F79EFBC}") = "LearningWebApp", "LearningWebApp\LearningWebApp.csproj", "{F69EC3BB-6C3D-4006-AF0D-034547AC7DD1}"
EndProject
Global
	GlobalSection(SolutionConfigurationPlatforms) = preSolution
		Debug|Any CPU = Debug|Any CPU
		Release|Any CPU = Release|Any CPU
	EndGlobalSection
	GlobalSection(ProjectConfigurationPlatforms) = postSolution
		{F69EC3BB-6C3D-4006-AF0D-034547AC7DD1}.Debug|Any CPU.ActiveCfg = Debug|Any CPU
		{F69EC3BB-6C3D-4006-AF0D-034547AC7DD1}.Debug|Any CPU.Build.0 = Debug|Any CPU
		{F69EC3BB-6C3D-4006-AF0D-034547AC7DD1}.Release|Any CPU.ActiveCfg = Release|Any CPU
		{F69EC3BB-6C3D-4006-AF0D-034547AC7DD1}.Release|Any CPU.Build.0 = Release|Any CPU
	EndGlobalSection
	GlobalSection(SolutionProperties) = preSolution
		HideSolutionNode = FALSE
	EndGlobalSection
	GlobalSection(ExtensibilityGlobals) = postSolution
		SolutionGuid = {3C2C7E36-0FBA-4A74-B859-55330650B444}
	EndGlobalSection
EndGlobal
